
Microsoft Visual Studio Solution File, Format Version 12.00
# Visual Studio Version 16
VisualStudioVersion = 16.0.28729.10
MinimumVisualStudioVersion = 10.0.40219.1
Project("{FAE04EC0-301F-11D3-BF4B-00C04F79EFBC}") = "Dip", "Dip\Dip.csproj", "{3251F662-F86A-4D97-8553-6F8C93505B50}"
EndProject
Global
	GlobalSection(SolutionConfigurationPlatforms) = preSolution
		Debug|Any CPU = Debug|Any CPU
		Release|Any CPU = Release|Any CPU
	EndGlobalSection
	GlobalSection(ProjectConfigurationPlatforms) = postSolution
		{3251F662-F86A-4D97-8553-6F8C93505B50}.Debug|Any CPU.ActiveCfg = Debug|Any CPU
		{3251F662-F86A-4D97-8553-6F8C93505B50}.Debug|Any CPU.Build.0 = Debug|Any CPU
		{3251F662-F86A-4D97-8553-6F8C93505B50}.Release|Any CPU.ActiveCfg = Release|Any CPU
		{3251F662-F86A-4D97-8553-6F8C93505B50}.Release|Any CPU.Build.0 = Release|Any CPU
	EndGlobalSection
	GlobalSection(SolutionProperties) = preSolution
		HideSolutionNode = FALSE
	EndGlobalSection
	GlobalSection(ExtensibilityGlobals) = postSolution
		SolutionGuid = {E358A594-AEFD-44C7-AD55-FC45F924E7D0}
	EndGlobalSection
EndGlobal
